
Microsoft Visual Studio Solution File, Format Version 12.00
# Visual Studio Version 17
VisualStudioVersion = 17.5.33424.131
MinimumVisualStudioVersion = 10.0.40219.1
Project("{9A19103F-16F7-4668-BE54-9A1E7A4F7556}") = "ExpressionEval", "ExpressionEval.csproj", "{C08C1EA4-815D-40CE-8CB3-281EB7C5ED3E}"
EndProject
Global
	GlobalSection(SolutionConfigurationPlatforms) = preSolution
		Debug|Any CPU = Debug|Any CPU
		Release|Any CPU = Release|Any CPU
	EndGlobalSection
	GlobalSection(ProjectConfigurationPlatforms) = postSolution
		{C08C1EA4-815D-40CE-8CB3-281EB7C5ED3E}.Debug|Any CPU.ActiveCfg = Debug|Any CPU
		{C08C1EA4-815D-40CE-8CB3-281EB7C5ED3E}.Debug|Any CPU.Build.0 = Debug|Any CPU
		{C08C1EA4-815D-40CE-8CB3-281EB7C5ED3E}.Release|Any CPU.ActiveCfg = Release|Any CPU
		{C08C1EA4-815D-40CE-8CB3-281EB7C5ED3E}.Release|Any CPU.Build.0 = Release|Any CPU
	EndGlobalSection
	GlobalSection(SolutionProperties) = preSolution
		HideSolutionNode = FALSE
	EndGlobalSection
	GlobalSection(ExtensibilityGlobals) = postSolution
		SolutionGuid = {902D2B6E-7A51-4BEF-AE85-D4A7A1C80F1A}
	EndGlobalSection
EndGlobal
