
Microsoft Visual Studio Solution File, Format Version 12.00
# Visual Studio Version 17
VisualStudioVersion = 17.5.33424.131
MinimumVisualStudioVersion = 10.0.40219.1
Project("{9A19103F-16F7-4668-BE54-9A1E7A4F7556}") = "EdgeTTSSharp", "EdgeTTSSharp.csproj", "{40F09017-CEC3-4095-9604-A0419F9CAE4D}"
EndProject
Project("{9A19103F-16F7-4668-BE54-9A1E7A4F7556}") = "EdgeTTSSharp.Test", "..\..\test\EdgeTTSSharp.Test\EdgeTTSSharp.Test.csproj", "{2726687D-2A3F-447F-84E2-F54F430D515D}"
EndProject
Global
	GlobalSection(SolutionConfigurationPlatforms) = preSolution
		Debug|Any CPU = Debug|Any CPU
		Release|Any CPU = Release|Any CPU
	EndGlobalSection
	GlobalSection(ProjectConfigurationPlatforms) = postSolution
		{40F09017-CEC3-4095-9604-A0419F9CAE4D}.Debug|Any CPU.ActiveCfg = Debug|Any CPU
		{40F09017-CEC3-4095-9604-A0419F9CAE4D}.Debug|Any CPU.Build.0 = Debug|Any CPU
		{40F09017-CEC3-4095-9604-A0419F9CAE4D}.Release|Any CPU.ActiveCfg = Release|Any CPU
		{40F09017-CEC3-4095-9604-A0419F9CAE4D}.Release|Any CPU.Build.0 = Release|Any CPU
		{2726687D-2A3F-447F-84E2-F54F430D515D}.Debug|Any CPU.ActiveCfg = Debug|Any CPU
		{2726687D-2A3F-447F-84E2-F54F430D515D}.Debug|Any CPU.Build.0 = Debug|Any CPU
		{2726687D-2A3F-447F-84E2-F54F430D515D}.Release|Any CPU.ActiveCfg = Release|Any CPU
		{2726687D-2A3F-447F-84E2-F54F430D515D}.Release|Any CPU.Build.0 = Release|Any CPU
	EndGlobalSection
	GlobalSection(SolutionProperties) = preSolution
		HideSolutionNode = FALSE
	EndGlobalSection
	GlobalSection(ExtensibilityGlobals) = postSolution
		SolutionGuid = {0900558E-416F-4F98-AD0A-C68022A50EFE}
	EndGlobalSection
EndGlobal
