
Microsoft Visual Studio Solution File, Format Version 12.00
# Visual Studio Version 17
VisualStudioVersion = 17.5.33424.131
MinimumVisualStudioVersion = 10.0.40219.1
Project("{9A19103F-16F7-4668-BE54-9A1E7A4F7556}") = "VideoService", "VideoService.csproj", "{5AF8EA60-F7DC-43E9-AE72-CB3C8B078E78}"
EndProject
Global
	GlobalSection(SolutionConfigurationPlatforms) = preSolution
		Debug|Any CPU = Debug|Any CPU
		Release|Any CPU = Release|Any CPU
	EndGlobalSection
	GlobalSection(ProjectConfigurationPlatforms) = postSolution
		{5AF8EA60-F7DC-43E9-AE72-CB3C8B078E78}.Debug|Any CPU.ActiveCfg = Debug|Any CPU
		{5AF8EA60-F7DC-43E9-AE72-CB3C8B078E78}.Debug|Any CPU.Build.0 = Debug|Any CPU
		{5AF8EA60-F7DC-43E9-AE72-CB3C8B078E78}.Release|Any CPU.ActiveCfg = Release|Any CPU
		{5AF8EA60-F7DC-43E9-AE72-CB3C8B078E78}.Release|Any CPU.Build.0 = Release|Any CPU
	EndGlobalSection
	GlobalSection(SolutionProperties) = preSolution
		HideSolutionNode = FALSE
	EndGlobalSection
	GlobalSection(ExtensibilityGlobals) = postSolution
		SolutionGuid = {5A8D587F-C4AF-4B00-87C8-0B3000D87BB6}
	EndGlobalSection
EndGlobal
