
Microsoft Visual Studio Solution File, Format Version 12.00
# Visual Studio Version 17
VisualStudioVersion = 17.5.33424.131
MinimumVisualStudioVersion = 10.0.40219.1
Project("{FAE04EC0-301F-11D3-BF4B-00C04F79EFBC}") = "ObsoleteYourSelf", "ObsoleteYourSelf\ObsoleteYourSelf.csproj", "{2A3BE635-BA4A-46FD-9A26-5CBAC1C92CEF}"
EndProject
Global
	GlobalSection(SolutionConfigurationPlatforms) = preSolution
		Debug|Any CPU = Debug|Any CPU
		Release|Any CPU = Release|Any CPU
	EndGlobalSection
	GlobalSection(ProjectConfigurationPlatforms) = postSolution
		{2A3BE635-BA4A-46FD-9A26-5CBAC1C92CEF}.Debug|Any CPU.ActiveCfg = Debug|Any CPU
		{2A3BE635-BA4A-46FD-9A26-5CBAC1C92CEF}.Debug|Any CPU.Build.0 = Debug|Any CPU
		{2A3BE635-BA4A-46FD-9A26-5CBAC1C92CEF}.Release|Any CPU.ActiveCfg = Release|Any CPU
		{2A3BE635-BA4A-46FD-9A26-5CBAC1C92CEF}.Release|Any CPU.Build.0 = Release|Any CPU
	EndGlobalSection
	GlobalSection(SolutionProperties) = preSolution
		HideSolutionNode = FALSE
	EndGlobalSection
	GlobalSection(ExtensibilityGlobals) = postSolution
		SolutionGuid = {3DB09FCF-61D5-4C39-8F5C-0385617D0355}
	EndGlobalSection
EndGlobal
