
Microsoft Visual Studio Solution File, Format Version 12.00
# Visual Studio Version 17
VisualStudioVersion = 17.5.33424.131
MinimumVisualStudioVersion = 10.0.40219.1
Project("{9A19103F-16F7-4668-BE54-9A1E7A4F7556}") = "DynamicFontSize", "DynamicFontSize.csproj", "{B227C84C-03B3-4621-BA87-834E1AA4362B}"
EndProject
Project("{2150E333-8FDC-42A3-9474-1A3956D46DE8}") = "Solution Items", "Solution Items", "{D5AB9D60-090C-4CAE-B798-806F60536E0F}"
	ProjectSection(SolutionItems) = preProject
		.editorconfig = .editorconfig
	EndProjectSection
EndProject
Global
	GlobalSection(SolutionConfigurationPlatforms) = preSolution
		Debug|Any CPU = Debug|Any CPU
		Release|Any CPU = Release|Any CPU
	EndGlobalSection
	GlobalSection(ProjectConfigurationPlatforms) = postSolution
		{B227C84C-03B3-4621-BA87-834E1AA4362B}.Debug|Any CPU.ActiveCfg = Debug|Any CPU
		{B227C84C-03B3-4621-BA87-834E1AA4362B}.Debug|Any CPU.Build.0 = Debug|Any CPU
		{B227C84C-03B3-4621-BA87-834E1AA4362B}.Release|Any CPU.ActiveCfg = Release|Any CPU
		{B227C84C-03B3-4621-BA87-834E1AA4362B}.Release|Any CPU.Build.0 = Release|Any CPU
	EndGlobalSection
	GlobalSection(SolutionProperties) = preSolution
		HideSolutionNode = FALSE
	EndGlobalSection
	GlobalSection(ExtensibilityGlobals) = postSolution
		SolutionGuid = {658DEB81-67B5-42DB-AD80-F4B00AB19E20}
	EndGlobalSection
EndGlobal
